
Microsoft Visual Studio Solution File, Format Version 12.00
# Visual Studio Version 17
VisualStudioVersion = 17.3.32825.248
MinimumVisualStudioVersion = 10.0.40219.1
Project("{9A19103F-16F7-4668-BE54-9A1E7A4F7556}") = "Loader.WorkerService", "src\Loader.WorkerService\Loader.WorkerService.csproj", "{D1BFAEE1-8A3B-4C25-BBC7-0A1C5CF7CE36}"
EndProject
Project("{FAE04EC0-301F-11D3-BF4B-00C04F79EFBC}") = "Loader.Core", "src\Loader.Core\Loader.Core.csproj", "{CC05C2A2-2063-445E-9D2A-613CA4B512ED}"
EndProject
Project("{FAE04EC0-301F-11D3-BF4B-00C04F79EFBC}") = "Loader.Application", "src\Loader.Application\Loader.Application.csproj", "{3FDA759A-6657-4C43-9520-0DD4BB93B8C2}"
EndProject
Global
	GlobalSection(SolutionConfigurationPlatforms) = preSolution
		Debug|Any CPU = Debug|Any CPU
		Release|Any CPU = Release|Any CPU
	EndGlobalSection
	GlobalSection(ProjectConfigurationPlatforms) = postSolution
		{D1BFAEE1-8A3B-4C25-BBC7-0A1C5CF7CE36}.Debug|Any CPU.ActiveCfg = Debug|Any CPU
		{D1BFAEE1-8A3B-4C25-BBC7-0A1C5CF7CE36}.Debug|Any CPU.Build.0 = Debug|Any CPU
		{D1BFAEE1-8A3B-4C25-BBC7-0A1C5CF7CE36}.Release|Any CPU.ActiveCfg = Release|Any CPU
		{D1BFAEE1-8A3B-4C25-BBC7-0A1C5CF7CE36}.Release|Any CPU.Build.0 = Release|Any CPU
		{CC05C2A2-2063-445E-9D2A-613CA4B512ED}.Debug|Any CPU.ActiveCfg = Debug|Any CPU
		{CC05C2A2-2063-445E-9D2A-613CA4B512ED}.Debug|Any CPU.Build.0 = Debug|Any CPU
		{CC05C2A2-2063-445E-9D2A-613CA4B512ED}.Release|Any CPU.ActiveCfg = Release|Any CPU
		{CC05C2A2-2063-445E-9D2A-613CA4B512ED}.Release|Any CPU.Build.0 = Release|Any CPU
		{3FDA759A-6657-4C43-9520-0DD4BB93B8C2}.Debug|Any CPU.ActiveCfg = Debug|Any CPU
		{3FDA759A-6657-4C43-9520-0DD4BB93B8C2}.Debug|Any CPU.Build.0 = Debug|Any CPU
		{3FDA759A-6657-4C43-9520-0DD4BB93B8C2}.Release|Any CPU.ActiveCfg = Release|Any CPU
		{3FDA759A-6657-4C43-9520-0DD4BB93B8C2}.Release|Any CPU.Build.0 = Release|Any CPU
	EndGlobalSection
	GlobalSection(SolutionProperties) = preSolution
		HideSolutionNode = FALSE
	EndGlobalSection
	GlobalSection(ExtensibilityGlobals) = postSolution
		SolutionGuid = {8B1B5956-A2BE-4EBE-9B22-8C59EBFA25FB}
	EndGlobalSection
EndGlobal
